
Microsoft Visual Studio Solution File, Format Version 12.00
# Visual Studio 15
VisualStudioVersion = 15.0.28307.271
MinimumVisualStudioVersion = 10.0.40219.1
Project("{8BC9CEB8-8B4A-11D0-8D11-00A0C91BC942}") = "LCDmini", "LCDmini\LCDmini.vcxproj", "{9E5D5702-2E04-4A82-AC6C-B66721F2F570}"
EndProject
Global
	GlobalSection(SolutionConfigurationPlatforms) = preSolution
		Debug|ARM = Debug|ARM
		Release|ARM = Release|ARM
	EndGlobalSection
	GlobalSection(ProjectConfigurationPlatforms) = postSolution
		{9E5D5702-2E04-4A82-AC6C-B66721F2F570}.Debug|ARM.ActiveCfg = Debug|ARM
		{9E5D5702-2E04-4A82-AC6C-B66721F2F570}.Debug|ARM.Build.0 = Debug|ARM
		{9E5D5702-2E04-4A82-AC6C-B66721F2F570}.Release|ARM.ActiveCfg = Release|ARM
		{9E5D5702-2E04-4A82-AC6C-B66721F2F570}.Release|ARM.Build.0 = Release|ARM
	EndGlobalSection
	GlobalSection(SolutionProperties) = preSolution
		HideSolutionNode = FALSE
	EndGlobalSection
	GlobalSection(ExtensibilityGlobals) = postSolution
		SolutionGuid = {4ED902B1-214F-478C-9C04-E37C9806DC35}
	EndGlobalSection
EndGlobal
